
Microsoft Visual Studio Solution File, Format Version 12.00
# Visual Studio Version 16
VisualStudioVersion = 16.0.29806.167
MinimumVisualStudioVersion = 10.0.40219.1
Project("{FAE04EC0-301F-11D3-BF4B-00C04F79EFBC}") = "LCDDisplay.Presentation", "LCDDisplay.Presentation\LCDDisplay.Presentation.csproj", "{AB95C7BF-FA39-4EEA-834B-4D49F39189A9}"
EndProject
Project("{FAE04EC0-301F-11D3-BF4B-00C04F79EFBC}") = "LCDDisplay.Controls", "LCDDisplay.Controls\LCDDisplay.Controls.csproj", "{C1B6105A-FF8A-4161-B299-B0180F1A92AD}"
EndProject
Global
	GlobalSection(SolutionConfigurationPlatforms) = preSolution
		Debug|Any CPU = Debug|Any CPU
		Release|Any CPU = Release|Any CPU
	EndGlobalSection
	GlobalSection(ProjectConfigurationPlatforms) = postSolution
		{AB95C7BF-FA39-4EEA-834B-4D49F39189A9}.Debug|Any CPU.ActiveCfg = Debug|Any CPU
		{AB95C7BF-FA39-4EEA-834B-4D49F39189A9}.Debug|Any CPU.Build.0 = Debug|Any CPU
		{AB95C7BF-FA39-4EEA-834B-4D49F39189A9}.Release|Any CPU.ActiveCfg = Release|Any CPU
		{AB95C7BF-FA39-4EEA-834B-4D49F39189A9}.Release|Any CPU.Build.0 = Release|Any CPU
		{C1B6105A-FF8A-4161-B299-B0180F1A92AD}.Debug|Any CPU.ActiveCfg = Debug|Any CPU
		{C1B6105A-FF8A-4161-B299-B0180F1A92AD}.Debug|Any CPU.Build.0 = Debug|Any CPU
		{C1B6105A-FF8A-4161-B299-B0180F1A92AD}.Release|Any CPU.ActiveCfg = Release|Any CPU
		{C1B6105A-FF8A-4161-B299-B0180F1A92AD}.Release|Any CPU.Build.0 = Release|Any CPU
	EndGlobalSection
	GlobalSection(SolutionProperties) = preSolution
		HideSolutionNode = FALSE
	EndGlobalSection
	GlobalSection(ExtensibilityGlobals) = postSolution
		SolutionGuid = {A298F202-0056-4E51-A405-1C360E9CB7AA}
	EndGlobalSection
EndGlobal
